# This file is automatically @generated by Poetry 2.2.1 and should not be changed by hand.

[[package]]
name = "pymupdf"
version = "1.26.6"
description = "A high performance Python library for data extraction, analysis, conversion & manipulation of PDF (and other) documents."
optional = false
python-versions = ">=3.10"
groups = ["main"]
files = [
    {file = "pymupdf-1.26.6-cp310-abi3-macosx_10_9_x86_64.whl", hash = "sha256:e46f320a136ad55e5219e8f0f4061bdf3e4c12b126d2740d5a49f73fae7ea176"},
    {file = "pymupdf-1.26.6-cp310-abi3-macosx_11_0_arm64.whl", hash = "sha256:6844cd2396553c0fa06de4869d5d5ecb1260e6fc3b9d85abe8fa35f14dd9d688"},
    {file = "pymupdf-1.26.6-cp310-abi3-manylinux_2_28_aarch64.whl", hash = "sha256:617ba69e02c44f0da1c0e039ea4a26cf630849fd570e169c71daeb8ac52a81d6"},
    {file = "pymupdf-1.26.6-cp310-abi3-manylinux_2_28_x86_64.whl", hash = "sha256:7777d0b7124c2ebc94849536b6a1fb85d158df3b9d873935e63036559391534c"},
    {file = "pymupdf-1.26.6-cp310-abi3-win32.whl", hash = "sha256:8f3ef05befc90ca6bb0f12983200a7048d5bff3e1c1edef1bb3de60b32cb5274"},
    {file = "pymupdf-1.26.6-cp310-abi3-win_amd64.whl", hash = "sha256:ce02ca96ed0d1acfd00331a4d41a34c98584d034155b06fd4ec0f051718de7ba"},
    {file = "pymupdf-1.26.6.tar.gz", hash = "sha256:a2b4531cd4ab36d6f1f794bb6d3c33b49bda22f36d58bb1f3e81cbc10183bd2b"},
]

[metadata]
lock-version = "2.1"
python-versions = ">=3.13"
content-hash = "661e1f1ac03b620bdf9343bbe07e20f64080821582bc1d3cc5b8f5968641b156"
